// !$*UTF8*$!
{
	archiveVersion = 1;
	classes = {
	};
	objectVersion = 77;
	objects = {

/* Begin PBXContainerItemProxy section */
		F5EBC2142CED0481002D7C38 /* PBXContainerItemProxy */ = {
			isa = PBXContainerItemProxy;
			containerPortal = F5EBC1F62CED0480002D7C38 /* Project object */;
			proxyType = 1;
			remoteGlobalIDString = F5EBC1FD2CED0480002D7C38;
			remoteInfo = memorybook;
		};
		F5EBC21E2CED0481002D7C38 /* PBXContainerItemProxy */ = {
			isa = PBXContainerItemProxy;
			containerPortal = F5EBC1F62CED0480002D7C38 /* Project object */;
			proxyType = 1;
			remoteGlobalIDString = F5EBC1FD2CED0480002D7C38;
			remoteInfo = memorybook;
		};
/* End PBXContainerItemProxy section */

/* Begin PBXFileReference section */
		F5EBC1FE2CED0480002D7C38 /* memorybook.app */ = {isa = PBXFileReference; explicitFileType = wrapper.application; includeInIndex = 0; path = memorybook.app; sourceTree = BUILT_PRODUCTS_DIR; };
		F5EBC2132CED0481002D7C38 /* memorybookTests.xctest */ = {isa = PBXFileReference; explicitFileType = wrapper.cfbundle; includeInIndex = 0; path = memorybookTests.xctest; sourceTree = BUILT_PRODUCTS_DIR; };
		F5EBC21D2CED0481002D7C38 /* memorybookUITests.xctest */ = {isa = PBXFileReference; explicitFileType = wrapper.cfbundle; includeInIndex = 0; path = memorybookUITests.xctest; sourceTree = BUILT_PRODUCTS_DIR; };
/* End PBXFileReference section */

/* Begin PBXFileSystemSynchronizedRootGroup section */
		F5EBC2002CED0480002D7C38 /* memorybook */ = {
			isa = PBXFileSystemSynchronizedRootGroup;
			path = memorybook;
			sourceTree = "<group>";
		};
		F5EBC2162CED0481002D7C38 /* memorybookTests */ = {
			isa = PBXFileSystemSynchronizedRootGroup;
			path = memorybookTests;
			sourceTree = "<group>";
		};
		F5EBC2202CED0481002D7C38 /* memorybookUITests */ = {
			isa = PBXFileSystemSynchronizedRootGroup;
			path = memorybookUITests;
			sourceTree = "<group>";
		};
/* End PBXFileSystemSynchronizedRootGroup section */

/* Begin PBXFrameworksBuildPhase section */
		F5EBC1FB2CED0480002D7C38 /* Frameworks */ = {
			isa = PBXFrameworksBuildPhase;
			buildActionMask = 2147483647;
			files = (
			);
			runOnlyForDeploymentPostprocessing = 0;
		};
		F5EBC2102CED0481002D7C38 /* Frameworks */ = {
			isa = PBXFrameworksBuildPhase;
			buildActionMask = 2147483647;
			files = (
			);
			runOnlyForDeploymentPostprocessing = 0;
		};
		F5EBC21A2CED0481002D7C38 /* Frameworks */ = {
			isa = PBXFrameworksBuildPhase;
			buildActionMask = 2147483647;
			files = (
			);
			runOnlyForDeploymentPostprocessing = 0;
		};
/* End PBXFrameworksBuildPhase section */

/* Begin PBXGroup section */
		F5EBC1F52CED0480002D7C38 = {
			isa = PBXGroup;
			children = (
				F5EBC2002CED0480002D7C38 /* memorybook */,
				F5EBC2162CED0481002D7C38 /* memorybookTests */,
				F5EBC2202CED0481002D7C38 /* memorybookUITests */,
				F5EBC1FF2CED0480002D7C38 /* Products */,
			);
			sourceTree = "<group>";
		};
		F5EBC1FF2CED0480002D7C38 /* Products */ = {
			isa = PBXGroup;
			children = (
				F5EBC1FE2CED0480002D7C38 /* memorybook.app */,
				F5EBC2132CED0481002D7C38 /* memorybookTests.xctest */,
				F5EBC21D2CED0481002D7C38 /* memorybookUITests.xctest */,
			);
			name = Products;
			sourceTree = "<group>";
		};
/* End PBXGroup section */

/* Begin PBXNativeTarget section */
		F5EBC1FD2CED0480002D7C38 /* memorybook */ = {
			isa = PBXNativeTarget;
			buildConfigurationList = F5EBC2272CED0481002D7C38 /* Build configuration list for PBXNativeTarget "memorybook" */;
			buildPhases = (
				F5EBC1FA2CED0480002D7C38 /* Sources */,
				F5EBC1FB2CED0480002D7C38 /* Frameworks */,
				F5EBC1FC2CED0480002D7C38 /* Resources */,
			);
			buildRules = (
			);
			dependencies = (
			);
			fileSystemSynchronizedGroups = (
				F5EBC2002CED0480002D7C38 /* memorybook */,
			);
			name = memorybook;
			packageProductDependencies = (
			);
			productName = memorybook;
			productReference = F5EBC1FE2CED0480002D7C38 /* memorybook.app */;
			productType = "com.apple.product-type.application";
		};
		F5EBC2122CED0481002D7C38 /* memorybookTests */ = {
			isa = PBXNativeTarget;
			buildConfigurationList = F5EBC22A2CED0481002D7C38 /* Build configuration list for PBXNativeTarget "memorybookTests" */;
			buildPhases = (
				F5EBC20F2CED0481002D7C38 /* Sources */,
				F5EBC2102CED0481002D7C38 /* Frameworks */,
				F5EBC2112CED0481002D7C38 /* Resources */,
			);
			buildRules = (
			);
			dependencies = (
				F5EBC2152CED0481002D7C38 /* PBXTargetDependency */,
			);
			fileSystemSynchronizedGroups = (
				F5EBC2162CED0481002D7C38 /* memorybookTests */,
			);
			name = memorybookTests;
			packageProductDependencies = (
			);
			productName = memorybookTests;
			productReference = F5EBC2132CED0481002D7C38 /* memorybookTests.xctest */;
			productType = "com.apple.product-type.bundle.unit-test";
		};
		F5EBC21C2CED0481002D7C38 /* memorybookUITests */ = {
			isa = PBXNativeTarget;
			buildConfigurationList = F5EBC22D2CED0481002D7C38 /* Build configuration list for PBXNativeTarget "memorybookUITests" */;
			buildPhases = (
				F5EBC2192CED0481002D7C38 /* Sources */,
				F5EBC21A2CED0481002D7C38 /* Frameworks */,
				F5EBC21B2CED0481002D7C38 /* Resources */,
			);
			buildRules = (
			);
			dependencies = (
				F5EBC21F2CED0481002D7C38 /* PBXTargetDependency */,
			);
			fileSystemSynchronizedGroups = (
				F5EBC2202CED0481002D7C38 /* memorybookUITests */,
			);
			name = memorybookUITests;
			packageProductDependencies = (
			);
			productName = memorybookUITests;
			productReference = F5EBC21D2CED0481002D7C38 /* memorybookUITests.xctest */;
			productType = "com.apple.product-type.bundle.ui-testing";
		};
/* End PBXNativeTarget section */

/* Begin PBXProject section */
		F5EBC1F62CED0480002D7C38 /* Project object */ = {
			isa = PBXProject;
			attributes = {
				BuildIndependentTargetsInParallel = 1;
				LastSwiftUpdateCheck = 1610;
				LastUpgradeCheck = 1610;
				TargetAttributes = {
					F5EBC1FD2CED0480002D7C38 = {
						CreatedOnToolsVersion = 16.1;
					};
					F5EBC2122CED0481002D7C38 = {
						CreatedOnToolsVersion = 16.1;
						TestTargetID = F5EBC1FD2CED0480002D7C38;
					};
					F5EBC21C2CED0481002D7C38 = {
						CreatedOnToolsVersion = 16.1;
						TestTargetID = F5EBC1FD2CED0480002D7C38;
					};
				};
			};
			buildConfigurationList = F5EBC1F92CED0480002D7C38 /* Build configuration list for PBXProject "memorybook" */;
			developmentRegion = en;
			hasScannedForEncodings = 0;
			knownRegions = (
				en,
				Base,
			);
			mainGroup = F5EBC1F52CED0480002D7C38;
			minimizedProjectReferenceProxies = 1;
			preferredProjectObjectVersion = 77;
			productRefGroup = F5EBC1FF2CED0480002D7C38 /* Products */;
			projectDirPath = "";
			projectRoot = "";
			targets = (
				F5EBC1FD2CED0480002D7C38 /* memorybook */,
				F5EBC2122CED0481002D7C38 /* memorybookTests */,
				F5EBC21C2CED0481002D7C38 /* memorybookUITests */,
			);
		};
/* End PBXProject section */

/* Begin PBXResourcesBuildPhase section */
		F5EBC1FC2CED0480002D7C38 /* Resources */ = {
			isa = PBXResourcesBuildPhase;
			buildActionMask = 2147483647;
			files = (
			);
			runOnlyForDeploymentPostprocessing = 0;
		};
		F5EBC2112CED0481002D7C38 /* Resources */ = {
			isa = PBXResourcesBuildPhase;
			buildActionMask = 2147483647;
			files = (
			);
			runOnlyForDeploymentPostprocessing = 0;
		};
		F5EBC21B2CED0481002D7C38 /* Resources */ = {
			isa = PBXResourcesBuildPhase;
			buildActionMask = 2147483647;
			files = (
			);
			runOnlyForDeploymentPostprocessing = 0;
		};
/* End PBXResourcesBuildPhase section */

/* Begin PBXSourcesBuildPhase section */
		F5EBC1FA2CED0480002D7C38 /* Sources */ = {
			isa = PBXSourcesBuildPhase;
			buildActionMask = 2147483647;
			files = (
			);
			runOnlyForDeploymentPostprocessing = 0;
		};
		F5EBC20F2CED0481002D7C38 /* Sources */ = {
			isa = PBXSourcesBuildPhase;
			buildActionMask = 2147483647;
			files = (
			);
			runOnlyForDeploymentPostprocessing = 0;
		};
		F5EBC2192CED0481002D7C38 /* Sources */ = {
			isa = PBXSourcesBuildPhase;
			buildActionMask = 2147483647;
			files = (
			);
			runOnlyForDeploymentPostprocessing = 0;
		};
/* End PBXSourcesBuildPhase section */

/* Begin PBXTargetDependency section */
		F5EBC2152CED0481002D7C38 /* PBXTargetDependency */ = {
			isa = PBXTargetDependency;
			target = F5EBC1FD2CED0480002D7C38 /* memorybook */;
			targetProxy = F5EBC2142CED0481002D7C38 /* PBXContainerItemProxy */;
		};
		F5EBC21F2CED0481002D7C38 /* PBXTargetDependency */ = {
			isa = PBXTargetDependency;
			target = F5EBC1FD2CED0480002D7C38 /* memorybook */;
			targetProxy = F5EBC21E2CED0481002D7C38 /* PBXContainerItemProxy */;
		};
/* End PBXTargetDependency section */

/* Begin XCBuildConfiguration section */
		F5EBC2252CED0481002D7C38 /* Debug */ = {
			isa = XCBuildConfiguration;
			buildSettings = {
				ALWAYS_SEARCH_USER_PATHS = NO;
				ASSETCATALOG_COMPILER_GENERATE_SWIFT_ASSET_SYMBOL_EXTENSIONS = YES;
				CLANG_ANALYZER_NONNULL = YES;
				CLANG_ANALYZER_NUMBER_OBJECT_CONVERSION = YES_AGGRESSIVE;
				CLANG_CXX_LANGUAGE_STANDARD = "gnu++20";
				CLANG_ENABLE_MODULES = YES;
				CLANG_ENABLE_OBJC_ARC = YES;
				CLANG_ENABLE_OBJC_WEAK = YES;
				CLANG_WARN_BLOCK_CAPTURE_AUTORELEASING = YES;
				CLANG_WARN_BOOL_CONVERSION = YES;
				CLANG_WARN_COMMA = YES;
				CLANG_WARN_CONSTANT_CONVERSION = YES;
				CLANG_WARN_DEPRECATED_OBJC_IMPLEMENTATIONS = YES;
				CLANG_WARN_DIRECT_OBJC_ISA_USAGE = YES_ERROR;
				CLANG_WARN_DOCUMENTATION_COMMENTS = YES;
				CLANG_WARN_EMPTY_BODY = YES;
				CLANG_WARN_ENUM_CONVERSION = YES;
				CLANG_WARN_INFINITE_RECURSION = YES;
				CLANG_WARN_INT_CONVERSION = YES;
				CLANG_WARN_NON_LITERAL_NULL_CONVERSION = YES;
				CLANG_WARN_OBJC_IMPLICIT_RETAIN_SELF = YES;
				CLANG_WARN_OBJC_LITERAL_CONVERSION = YES;
				CLANG_WARN_OBJC_ROOT_CLASS = YES_ERROR;
				CLANG_WARN_QUOTED_INCLUDE_IN_FRAMEWORK_HEADER = YES;
				CLANG_WARN_RANGE_LOOP_ANALYSIS = YES;
				CLANG_WARN_STRICT_PROTOTYPES = YES;
				CLANG_WARN_SUSPICIOUS_MOVE = YES;
				CLANG_WARN_UNGUARDED_AVAILABILITY = YES_AGGRESSIVE;
				CLANG_WARN_UNREACHABLE_CODE = YES;
				CLANG_WARN__DUPLICATE_METHOD_MATCH = YES;
				COPY_PHASE_STRIP = NO;
				DEBUG_INFORMATION_FORMAT = dwarf;
				ENABLE_STRICT_OBJC_MSGSEND = YES;
				ENABLE_TESTABILITY = YES;
				ENABLE_USER_SCRIPT_SANDBOXING = YES;
				GCC_C_LANGUAGE_STANDARD = gnu17;
				GCC_DYNAMIC_NO_PIC = NO;
				GCC_NO_COMMON_BLOCKS = YES;
				GCC_OPTIMIZATION_LEVEL = 0;
				GCC_PREPROCESSOR_DEFINITIONS = (
					"DEBUG=1",
					"$(inherited)",
				);
				GCC_WARN_64_TO_32_BIT_CONVERSION = YES;
				GCC_WARN_ABOUT_RETURN_TYPE = YES_ERROR;
				GCC_WARN_UNDECLARED_SELECTOR = YES;
				GCC_WARN_UNINITIALIZED_AUTOS = YES_AGGRESSIVE;
				GCC_WARN_UNUSED_FUNCTION = YES;
				GCC_WARN_UNUSED_VARIABLE = YES;
				IPHONEOS_DEPLOYMENT_TARGET = 18.1;
				LOCALIZATION_PREFERS_STRING_CATALOGS = YES;
				MTL_ENABLE_DEBUG_INFO = INCLUDE_SOURCE;
				MTL_FAST_MATH = YES;
				ONLY_ACTIVE_ARCH = YES;
				SDKROOT = iphoneos;
				SWIFT_ACTIVE_COMPILATION_CONDITIONS = "DEBUG $(inherited)";
				SWIFT_OPTIMIZATION_LEVEL = "-Onone";
			};
			name = Debug;
		};
		F5EBC2262CED0481002D7C38 /* Release */ = {
			isa = XCBuildConfiguration;
			buildSettings = {
				ALWAYS_SEARCH_USER_PATHS = NO;
				ASSETCATALOG_COMPILER_GENERATE_SWIFT_ASSET_SYMBOL_EXTENSIONS = YES;
				CLANG_ANALYZER_NONNULL = YES;
				CLANG_ANALYZER_NUMBER_OBJECT_CONVERSION = YES_AGGRESSIVE;
				CLANG_CXX_LANGUAGE_STANDARD = "gnu++20";
				CLANG_ENABLE_MODULES = YES;
				CLANG_ENABLE_OBJC_ARC = YES;
				CLANG_ENABLE_OBJC_WEAK = YES;
				CLANG_WARN_BLOCK_CAPTURE_AUTORELEASING = YES;
				CLANG_WARN_BOOL_CONVERSION = YES;
				CLANG_WARN_COMMA = YES;
				CLANG_WARN_CONSTANT_CONVERSION = YES;
				CLANG_WARN_DEPRECATED_OBJC_IMPLEMENTATIONS = YES;
				CLANG_WARN_DIRECT_OBJC_ISA_USAGE = YES_ERROR;
				CLANG_WARN_DOCUMENTATION_COMMENTS = YES;
				CLANG_WARN_EMPTY_BODY = YES;
				CLANG_WARN_ENUM_CONVERSION = YES;
				CLANG_WARN_INFINITE_RECURSION = YES;
				CLANG_WARN_INT_CONVERSION = YES;
				CLANG_WARN_NON_LITERAL_NULL_CONVERSION = YES;
				CLANG_WARN_OBJC_IMPLICIT_RETAIN_SELF = YES;
				CLANG_WARN_OBJC_LITERAL_CONVERSION = YES;
				CLANG_WARN_OBJC_ROOT_CLASS = YES_ERROR;
				CLANG_WARN_QUOTED_INCLUDE_IN_FRAMEWORK_HEADER = YES;
				CLANG_WARN_RANGE_LOOP_ANALYSIS = YES;
				CLANG_WARN_STRICT_PROTOTYPES = YES;
				CLANG_WARN_SUSPICIOUS_MOVE = YES;
				CLANG_WARN_UNGUARDED_AVAILABILITY = YES_AGGRESSIVE;
				CLANG_WARN_UNREACHABLE_CODE = YES;
				CLANG_WARN__DUPLICATE_METHOD_MATCH = YES;
				COPY_PHASE_STRIP = NO;
				DEBUG_INFORMATION_FORMAT = "dwarf-with-dsym";
				ENABLE_NS_ASSERTIONS = NO;
				ENABLE_STRICT_OBJC_MSGSEND = YES;
				ENABLE_USER_SCRIPT_SANDBOXING = YES;
				GCC_C_LANGUAGE_STANDARD = gnu17;
				GCC_NO_COMMON_BLOCKS = YES;
				GCC_WARN_64_TO_32_BIT_CONVERSION = YES;
				GCC_WARN_ABOUT_RETURN_TYPE = YES_ERROR;
				GCC_WARN_UNDECLARED_SELECTOR = YES;
				GCC_WARN_UNINITIALIZED_AUTOS = YES_AGGRESSIVE;
				GCC_WARN_UNUSED_FUNCTION = YES;
				GCC_WARN_UNUSED_VARIABLE = YES;
				IPHONEOS_DEPLOYMENT_TARGET = 18.1;
				LOCALIZATION_PREFERS_STRING_CATALOGS = YES;
				MTL_ENABLE_DEBUG_INFO = NO;
				MTL_FAST_MATH = YES;
				SDKROOT = iphoneos;
				SWIFT_COMPILATION_MODE = wholemodule;
				VALIDATE_PRODUCT = YES;
			};
			name = Release;
		};
		F5EBC2282CED0481002D7C38 /* Debug */ = {
			isa = XCBuildConfiguration;
			buildSettings = {
				ASSETCATALOG_COMPILER_APPICON_NAME = AppIcon;
				ASSETCATALOG_COMPILER_GLOBAL_ACCENT_COLOR_NAME = AccentColor;
				CODE_SIGN_STYLE = Automatic;
				CURRENT_PROJECT_VERSION = 1;
				DEVELOPMENT_ASSET_PATHS = "\"memorybook/Preview Content\"";
				DEVELOPMENT_TEAM = 7HK4U9M9L3;
				ENABLE_PREVIEWS = YES;
				GENERATE_INFOPLIST_FILE = YES;
				INFOPLIST_KEY_UIApplicationSceneManifest_Generation = YES;
				INFOPLIST_KEY_UIApplicationSupportsIndirectInputEvents = YES;
				INFOPLIST_KEY_UILaunchScreen_Generation = YES;
				INFOPLIST_KEY_UISupportedInterfaceOrientations_iPad = "UIInterfaceOrientationPortrait UIInterfaceOrientationPortraitUpsideDown UIInterfaceOrientationLandscapeLeft UIInterfaceOrientationLandscapeRight";
				INFOPLIST_KEY_UISupportedInterfaceOrientations_iPhone = "UIInterfaceOrientationPortrait UIInterfaceOrientationLandscapeLeft UIInterfaceOrientationLandscapeRight";
				LD_RUNPATH_SEARCH_PATHS = (
					"$(inherited)",
					"@executable_path/Frameworks",
				);
				MARKETING_VERSION = 1.0;
				PRODUCT_BUNDLE_IDENTIFIER = memorybook.memorybook;
				PRODUCT_NAME = "$(TARGET_NAME)";
				SWIFT_EMIT_LOC_STRINGS = YES;
				SWIFT_VERSION = 5.0;
				TARGETED_DEVICE_FAMILY = "1,2";
			};
			name = Debug;
		};
		F5EBC2292CED0481002D7C38 /* Release */ = {
			isa = XCBuildConfiguration;
			buildSettings = {
				ASSETCATALOG_COMPILER_APPICON_NAME = AppIcon;
				ASSETCATALOG_COMPILER_GLOBAL_ACCENT_COLOR_NAME = AccentColor;
				CODE_SIGN_STYLE = Automatic;
				CURRENT_PROJECT_VERSION = 1;
				DEVELOPMENT_ASSET_PATHS = "\"memorybook/Preview Content\"";
				DEVELOPMENT_TEAM = 7HK4U9M9L3;
				ENABLE_PREVIEWS = YES;
				GENERATE_INFOPLIST_FILE = YES;
				INFOPLIST_KEY_UIApplicationSceneManifest_Generation = YES;
				INFOPLIST_KEY_UIApplicationSupportsIndirectInputEvents = YES;
				INFOPLIST_KEY_UILaunchScreen_Generation = YES;
				INFOPLIST_KEY_UISupportedInterfaceOrientations_iPad = "UIInterfaceOrientationPortrait UIInterfaceOrientationPortraitUpsideDown UIInterfaceOrientationLandscapeLeft UIInterfaceOrientationLandscapeRight";
				INFOPLIST_KEY_UISupportedInterfaceOrientations_iPhone = "UIInterfaceOrientationPortrait UIInterfaceOrientationLandscapeLeft UIInterfaceOrientationLandscapeRight";
				LD_RUNPATH_SEARCH_PATHS = (
					"$(inherited)",
					"@executable_path/Frameworks",
				);
				MARKETING_VERSION = 1.0;
				PRODUCT_BUNDLE_IDENTIFIER = memorybook.memorybook;
				PRODUCT_NAME = "$(TARGET_NAME)";
				SWIFT_EMIT_LOC_STRINGS = YES;
				SWIFT_VERSION = 5.0;
				TARGETED_DEVICE_FAMILY = "1,2";
			};
			name = Release;
		};
		F5EBC22B2CED0481002D7C38 /* Debug */ = {
			isa = XCBuildConfiguration;
			buildSettings = {
				BUNDLE_LOADER = "$(TEST_HOST)";
				CODE_SIGN_STYLE = Automatic;
				CURRENT_PROJECT_VERSION = 1;
				DEVELOPMENT_TEAM = 7HK4U9M9L3;
				GENERATE_INFOPLIST_FILE = YES;
				IPHONEOS_DEPLOYMENT_TARGET = 18.1;
				MARKETING_VERSION = 1.0;
				PRODUCT_BUNDLE_IDENTIFIER = memorybook.memorybookTests;
				PRODUCT_NAME = "$(TARGET_NAME)";
				SWIFT_EMIT_LOC_STRINGS = NO;
				SWIFT_VERSION = 5.0;
				TARGETED_DEVICE_FAMILY = "1,2";
				TEST_HOST = "$(BUILT_PRODUCTS_DIR)/memorybook.app/$(BUNDLE_EXECUTABLE_FOLDER_PATH)/memorybook";
			};
			name = Debug;
		};
		F5EBC22C2CED0481002D7C38 /* Release */ = {
			isa = XCBuildConfiguration;
			buildSettings = {
				BUNDLE_LOADER = "$(TEST_HOST)";
				CODE_SIGN_STYLE = Automatic;
				CURRENT_PROJECT_VERSION = 1;
				DEVELOPMENT_TEAM = 7HK4U9M9L3;
				GENERATE_INFOPLIST_FILE = YES;
				IPHONEOS_DEPLOYMENT_TARGET = 18.1;
				MARKETING_VERSION = 1.0;
				PRODUCT_BUNDLE_IDENTIFIER = memorybook.memorybookTests;
				PRODUCT_NAME = "$(TARGET_NAME)";
				SWIFT_EMIT_LOC_STRINGS = NO;
				SWIFT_VERSION = 5.0;
				TARGETED_DEVICE_FAMILY = "1,2";
				TEST_HOST = "$(BUILT_PRODUCTS_DIR)/memorybook.app/$(BUNDLE_EXECUTABLE_FOLDER_PATH)/memorybook";
			};
			name = Release;
		};
		F5EBC22E2CED0481002D7C38 /* Debug */ = {
			isa = XCBuildConfiguration;
			buildSettings = {
				CODE_SIGN_STYLE = Automatic;
				CURRENT_PROJECT_VERSION = 1;
				DEVELOPMENT_TEAM = 7HK4U9M9L3;
				GENERATE_INFOPLIST_FILE = YES;
				MARKETING_VERSION = 1.0;
				PRODUCT_BUNDLE_IDENTIFIER = memorybook.memorybookUITests;
				PRODUCT_NAME = "$(TARGET_NAME)";
				SWIFT_EMIT_LOC_STRINGS = NO;
				SWIFT_VERSION = 5.0;
				TARGETED_DEVICE_FAMILY = "1,2";
				TEST_TARGET_NAME = memorybook;
			};
			name = Debug;
		};
		F5EBC22F2CED0481002D7C38 /* Release */ = {
			isa = XCBuildConfiguration;
			buildSettings = {
				CODE_SIGN_STYLE = Automatic;
				CURRENT_PROJECT_VERSION = 1;
				DEVELOPMENT_TEAM = 7HK4U9M9L3;
				GENERATE_INFOPLIST_FILE = YES;
				MARKETING_VERSION = 1.0;
				PRODUCT_BUNDLE_IDENTIFIER = memorybook.memorybookUITests;
				PRODUCT_NAME = "$(TARGET_NAME)";
				SWIFT_EMIT_LOC_STRINGS = NO;
				SWIFT_VERSION = 5.0;
				TARGETED_DEVICE_FAMILY = "1,2";
				TEST_TARGET_NAME = memorybook;
			};
			name = Release;
		};
/* End XCBuildConfiguration section */

/* Begin XCConfigurationList section */
		F5EBC1F92CED0480002D7C38 /* Build configuration list for PBXProject "memorybook" */ = {
			isa = XCConfigurationList;
			buildConfigurations = (
				F5EBC2252CED0481002D7C38 /* Debug */,
				F5EBC2262CED0481002D7C38 /* Release */,
			);
			defaultConfigurationIsVisible = 0;
			defaultConfigurationName = Release;
		};
		F5EBC2272CED0481002D7C38 /* Build configuration list for PBXNativeTarget "memorybook" */ = {
			isa = XCConfigurationList;
			buildConfigurations = (
				F5EBC2282CED0481002D7C38 /* Debug */,
				F5EBC2292CED0481002D7C38 /* Release */,
			);
			defaultConfigurationIsVisible = 0;
			defaultConfigurationName = Release;
		};
		F5EBC22A2CED0481002D7C38 /* Build configuration list for PBXNativeTarget "memorybookTests" */ = {
			isa = XCConfigurationList;
			buildConfigurations = (
				F5EBC22B2CED0481002D7C38 /* Debug */,
				F5EBC22C2CED0481002D7C38 /* Release */,
			);
			defaultConfigurationIsVisible = 0;
			defaultConfigurationName = Release;
		};
		F5EBC22D2CED0481002D7C38 /* Build configuration list for PBXNativeTarget "memorybookUITests" */ = {
			isa = XCConfigurationList;
			buildConfigurations = (
				F5EBC22E2CED0481002D7C38 /* Debug */,
				F5EBC22F2CED0481002D7C38 /* Release */,
			);
			defaultConfigurationIsVisible = 0;
			defaultConfigurationName = Release;
		};
/* End XCConfigurationList section */
	};
	rootObject = F5EBC1F62CED0480002D7C38 /* Project object */;
}
